// !$*UTF8*$!
{
	archiveVersion = 1;
	classes = {
	};
	objectVersion = 56;
	objects = {

/* Begin PBXBuildFile section */
		37CEFBCD2BC3711000DB9F65 /* HelloSwiftUIApp.swift in Sources */ = {isa = PBXBuildFile; fileRef = 37CEFBCC2BC3711000DB9F65 /* HelloSwiftUIApp.swift */; };
		37CEFBCF2BC3711000DB9F65 /* ContentView.swift in Sources */ = {isa = PBXBuildFile; fileRef = 37CEFBCE2BC3711000DB9F65 /* ContentView.swift */; };
		37CEFBD12BC3711100DB9F65 /* Assets.xcassets in Resources */ = {isa = PBXBuildFile; fileRef = 37CEFBD02BC3711100DB9F65 /* Assets.xcassets */; };
		37CEFBD42BC3711200DB9F65 /* Preview Assets.xcassets in Resources */ = {isa = PBXBuildFile; fileRef = 37CEFBD32BC3711200DB9F65 /* Preview Assets.xcassets */; };
		4A0706002BC3ACFA003A8AC1 /* ZStackView.swift in Sources */ = {isa = PBXBuildFile; fileRef = 4A0705FF2BC3ACFA003A8AC1 /* ZStackView.swift */; };
		4A0706022BC3B2D6003A8AC1 /* Text_View.swift in Sources */ = {isa = PBXBuildFile; fileRef = 4A0706012BC3B2D6003A8AC1 /* Text_View.swift */; };
		4A0706042BC3BC67003A8AC1 /* SFsymbolTest.swift in Sources */ = {isa = PBXBuildFile; fileRef = 4A0706032BC3BC66003A8AC1 /* SFsymbolTest.swift */; };
		4A8D48262BC3C2E400C9871B /* Shape.swift in Sources */ = {isa = PBXBuildFile; fileRef = 4A8D48252BC3C2E400C9871B /* Shape.swift */; };
		4A8D48282BC3C9B100C9871B /* GeometryImage.swift in Sources */ = {isa = PBXBuildFile; fileRef = 4A8D48272BC3C9B100C9871B /* GeometryImage.swift */; };
		4A8D482A2BC3D77E00C9871B /* CustomButton.swift in Sources */ = {isa = PBXBuildFile; fileRef = 4A8D48292BC3D77E00C9871B /* CustomButton.swift */; };
		4A8D482C2BC3DF3D00C9871B /* SegmentPicker.swift in Sources */ = {isa = PBXBuildFile; fileRef = 4A8D482B2BC3DF3C00C9871B /* SegmentPicker.swift */; };
		4A8D482E2BC4C4F900C9871B /* TextFieldView.swift in Sources */ = {isa = PBXBuildFile; fileRef = 4A8D482D2BC4C4F900C9871B /* TextFieldView.swift */; };
		4A8D48302BC4D14D00C9871B /* PickerView.swift in Sources */ = {isa = PBXBuildFile; fileRef = 4A8D482F2BC4D14D00C9871B /* PickerView.swift */; };
		4A8D48322BC4D94100C9871B /* DatePickerWithRange.swift in Sources */ = {isa = PBXBuildFile; fileRef = 4A8D48312BC4D94100C9871B /* DatePickerWithRange.swift */; };
		4A8D48342BC4E2AD00C9871B /* ToggleView.swift in Sources */ = {isa = PBXBuildFile; fileRef = 4A8D48332BC4E2AD00C9871B /* ToggleView.swift */; };
		4A8D48362BC4F7DE00C9871B /* UseLink.swift in Sources */ = {isa = PBXBuildFile; fileRef = 4A8D48352BC4F7DE00C9871B /* UseLink.swift */; };
		4A8D48382BC4FE0B00C9871B /* GestureEx.swift in Sources */ = {isa = PBXBuildFile; fileRef = 4A8D48372BC4FE0B00C9871B /* GestureEx.swift */; };
		4A8D483A2BC5053900C9871B /* MagnificationGestureView.swift in Sources */ = {isa = PBXBuildFile; fileRef = 4A8D48392BC5053900C9871B /* MagnificationGestureView.swift */; };
		4A8D483C2BC50B9F00C9871B /* RotateGestureView.swift in Sources */ = {isa = PBXBuildFile; fileRef = 4A8D483B2BC50B9F00C9871B /* RotateGestureView.swift */; };
		4A8D483E2BC511CE00C9871B /* AlertWithActionSheet.swift in Sources */ = {isa = PBXBuildFile; fileRef = 4A8D483D2BC511CE00C9871B /* AlertWithActionSheet.swift */; };
		4A8D48402BC5194B00C9871B /* ContextMenu.swift in Sources */ = {isa = PBXBuildFile; fileRef = 4A8D483F2BC5194B00C9871B /* ContextMenu.swift */; };
		4A8D48422BC5213C00C9871B /* ListEx.swift in Sources */ = {isa = PBXBuildFile; fileRef = 4A8D48412BC5213C00C9871B /* ListEx.swift */; };
		4A8D48442BC5253100C9871B /* ArrayIdentifiable.swift in Sources */ = {isa = PBXBuildFile; fileRef = 4A8D48432BC5253100C9871B /* ArrayIdentifiable.swift */; };
		4A8D48462BC529BD00C9871B /* FormEx.swift in Sources */ = {isa = PBXBuildFile; fileRef = 4A8D48452BC529BD00C9871B /* FormEx.swift */; };
		4A8D48482BC52F0100C9871B /* FormWithSection.swift in Sources */ = {isa = PBXBuildFile; fileRef = 4A8D48472BC52F0100C9871B /* FormWithSection.swift */; };
		4A8D484A2BC7610B00C9871B /* DisclosureGroupView.swift in Sources */ = {isa = PBXBuildFile; fileRef = 4A8D48492BC7610B00C9871B /* DisclosureGroupView.swift */; };
		4A8D484C2BC7669900C9871B /* ExScrollView.swift in Sources */ = {isa = PBXBuildFile; fileRef = 4A8D484B2BC7669900C9871B /* ExScrollView.swift */; };
		4A8D484E2BC76A7E00C9871B /* OutlineGroupView.swift in Sources */ = {isa = PBXBuildFile; fileRef = 4A8D484D2BC76A7E00C9871B /* OutlineGroupView.swift */; };
		4A8D48502BC776C800C9871B /* NavigationStackEx.swift in Sources */ = {isa = PBXBuildFile; fileRef = 4A8D484F2BC776C800C9871B /* NavigationStackEx.swift */; };
		4A8D48532BC77CCC00C9871B /* NavigationLinkEx.swift in Sources */ = {isa = PBXBuildFile; fileRef = 4A8D48522BC77CCC00C9871B /* NavigationLinkEx.swift */; };
		4A8D48552BC785F100C9871B /* NavigationStackFileView.swift in Sources */ = {isa = PBXBuildFile; fileRef = 4A8D48542BC785F100C9871B /* NavigationStackFileView.swift */; };
		4A8D48572BC7865000C9871B /* SeparateFile.swift in Sources */ = {isa = PBXBuildFile; fileRef = 4A8D48562BC7865000C9871B /* SeparateFile.swift */; };
		4A8D48592BC7B63E00C9871B /* TabViewEx.swift in Sources */ = {isa = PBXBuildFile; fileRef = 4A8D48582BC7B63E00C9871B /* TabViewEx.swift */; };
		4A8D485B2BC7C64F00C9871B /* GridViewEx.swift in Sources */ = {isa = PBXBuildFile; fileRef = 4A8D485A2BC7C64F00C9871B /* GridViewEx.swift */; };
		4A8D485D2BC7CBA200C9871B /* MoveAnimation.swift in Sources */ = {isa = PBXBuildFile; fileRef = 4A8D485C2BC7CBA200C9871B /* MoveAnimation.swift */; };
		4A8D485F2BC7D10900C9871B /* ScaleAnimationEx.swift in Sources */ = {isa = PBXBuildFile; fileRef = 4A8D485E2BC7D10900C9871B /* ScaleAnimationEx.swift */; };
		4A8D48612BC7D3E900C9871B /* RotationEffectViewEx.swift in Sources */ = {isa = PBXBuildFile; fileRef = 4A8D48602BC7D3E900C9871B /* RotationEffectViewEx.swift */; };
/* End PBXBuildFile section */

/* Begin PBXFileReference section */
		37CEFBC92BC3711000DB9F65 /* HelloSwiftUI.app */ = {isa = PBXFileReference; explicitFileType = wrapper.application; includeInIndex = 0; path = HelloSwiftUI.app; sourceTree = BUILT_PRODUCTS_DIR; };
		37CEFBCC2BC3711000DB9F65 /* HelloSwiftUIApp.swift */ = {isa = PBXFileReference; lastKnownFileType = sourcecode.swift; path = HelloSwiftUIApp.swift; sourceTree = "<group>"; };
		37CEFBCE2BC3711000DB9F65 /* ContentView.swift */ = {isa = PBXFileReference; lastKnownFileType = sourcecode.swift; path = ContentView.swift; sourceTree = "<group>"; };
		37CEFBD02BC3711100DB9F65 /* Assets.xcassets */ = {isa = PBXFileReference; lastKnownFileType = folder.assetcatalog; path = Assets.xcassets; sourceTree = "<group>"; };
		37CEFBD32BC3711200DB9F65 /* Preview Assets.xcassets */ = {isa = PBXFileReference; lastKnownFileType = folder.assetcatalog; path = "Preview Assets.xcassets"; sourceTree = "<group>"; };
		4A0705FF2BC3ACFA003A8AC1 /* ZStackView.swift */ = {isa = PBXFileReference; lastKnownFileType = sourcecode.swift; path = ZStackView.swift; sourceTree = "<group>"; };
		4A0706012BC3B2D6003A8AC1 /* Text_View.swift */ = {isa = PBXFileReference; lastKnownFileType = sourcecode.swift; path = Text_View.swift; sourceTree = "<group>"; };
		4A0706032BC3BC66003A8AC1 /* SFsymbolTest.swift */ = {isa = PBXFileReference; lastKnownFileType = sourcecode.swift; path = SFsymbolTest.swift; sourceTree = "<group>"; };
		4A8D48252BC3C2E400C9871B /* Shape.swift */ = {isa = PBXFileReference; lastKnownFileType = sourcecode.swift; path = Shape.swift; sourceTree = "<group>"; };
		4A8D48272BC3C9B100C9871B /* GeometryImage.swift */ = {isa = PBXFileReference; lastKnownFileType = sourcecode.swift; path = GeometryImage.swift; sourceTree = "<group>"; };
		4A8D48292BC3D77E00C9871B /* CustomButton.swift */ = {isa = PBXFileReference; lastKnownFileType = sourcecode.swift; path = CustomButton.swift; sourceTree = "<group>"; };
		4A8D482B2BC3DF3C00C9871B /* SegmentPicker.swift */ = {isa = PBXFileReference; lastKnownFileType = sourcecode.swift; path = SegmentPicker.swift; sourceTree = "<group>"; };
		4A8D482D2BC4C4F900C9871B /* TextFieldView.swift */ = {isa = PBXFileReference; lastKnownFileType = sourcecode.swift; path = TextFieldView.swift; sourceTree = "<group>"; };
		4A8D482F2BC4D14D00C9871B /* PickerView.swift */ = {isa = PBXFileReference; lastKnownFileType = sourcecode.swift; path = PickerView.swift; sourceTree = "<group>"; };
		4A8D48312BC4D94100C9871B /* DatePickerWithRange.swift */ = {isa = PBXFileReference; lastKnownFileType = sourcecode.swift; path = DatePickerWithRange.swift; sourceTree = "<group>"; };
		4A8D48332BC4E2AD00C9871B /* ToggleView.swift */ = {isa = PBXFileReference; lastKnownFileType = sourcecode.swift; path = ToggleView.swift; sourceTree = "<group>"; };
		4A8D48352BC4F7DE00C9871B /* UseLink.swift */ = {isa = PBXFileReference; lastKnownFileType = sourcecode.swift; path = UseLink.swift; sourceTree = "<group>"; };
		4A8D48372BC4FE0B00C9871B /* GestureEx.swift */ = {isa = PBXFileReference; lastKnownFileType = sourcecode.swift; path = GestureEx.swift; sourceTree = "<group>"; };
		4A8D48392BC5053900C9871B /* MagnificationGestureView.swift */ = {isa = PBXFileReference; lastKnownFileType = sourcecode.swift; path = MagnificationGestureView.swift; sourceTree = "<group>"; };
		4A8D483B2BC50B9F00C9871B /* RotateGestureView.swift */ = {isa = PBXFileReference; lastKnownFileType = sourcecode.swift; path = RotateGestureView.swift; sourceTree = "<group>"; };
		4A8D483D2BC511CE00C9871B /* AlertWithActionSheet.swift */ = {isa = PBXFileReference; lastKnownFileType = sourcecode.swift; path = AlertWithActionSheet.swift; sourceTree = "<group>"; };
		4A8D483F2BC5194B00C9871B /* ContextMenu.swift */ = {isa = PBXFileReference; lastKnownFileType = sourcecode.swift; path = ContextMenu.swift; sourceTree = "<group>"; };
		4A8D48412BC5213C00C9871B /* ListEx.swift */ = {isa = PBXFileReference; lastKnownFileType = sourcecode.swift; path = ListEx.swift; sourceTree = "<group>"; };
		4A8D48432BC5253100C9871B /* ArrayIdentifiable.swift */ = {isa = PBXFileReference; lastKnownFileType = sourcecode.swift; path = ArrayIdentifiable.swift; sourceTree = "<group>"; };
		4A8D48452BC529BD00C9871B /* FormEx.swift */ = {isa = PBXFileReference; lastKnownFileType = sourcecode.swift; path = FormEx.swift; sourceTree = "<group>"; };
		4A8D48472BC52F0100C9871B /* FormWithSection.swift */ = {isa = PBXFileReference; lastKnownFileType = sourcecode.swift; path = FormWithSection.swift; sourceTree = "<group>"; };
		4A8D48492BC7610B00C9871B /* DisclosureGroupView.swift */ = {isa = PBXFileReference; lastKnownFileType = sourcecode.swift; path = DisclosureGroupView.swift; sourceTree = "<group>"; };
		4A8D484B2BC7669900C9871B /* ExScrollView.swift */ = {isa = PBXFileReference; lastKnownFileType = sourcecode.swift; path = ExScrollView.swift; sourceTree = "<group>"; };
		4A8D484D2BC76A7E00C9871B /* OutlineGroupView.swift */ = {isa = PBXFileReference; lastKnownFileType = sourcecode.swift; path = OutlineGroupView.swift; sourceTree = "<group>"; };
		4A8D484F2BC776C800C9871B /* NavigationStackEx.swift */ = {isa = PBXFileReference; lastKnownFileType = sourcecode.swift; path = NavigationStackEx.swift; sourceTree = "<group>"; };
		4A8D48522BC77CCC00C9871B /* NavigationLinkEx.swift */ = {isa = PBXFileReference; lastKnownFileType = sourcecode.swift; path = NavigationLinkEx.swift; sourceTree = "<group>"; };
		4A8D48542BC785F100C9871B /* NavigationStackFileView.swift */ = {isa = PBXFileReference; lastKnownFileType = sourcecode.swift; path = NavigationStackFileView.swift; sourceTree = "<group>"; };
		4A8D48562BC7865000C9871B /* SeparateFile.swift */ = {isa = PBXFileReference; lastKnownFileType = sourcecode.swift; path = SeparateFile.swift; sourceTree = "<group>"; };
		4A8D48582BC7B63E00C9871B /* TabViewEx.swift */ = {isa = PBXFileReference; lastKnownFileType = sourcecode.swift; path = TabViewEx.swift; sourceTree = "<group>"; };
		4A8D485A2BC7C64F00C9871B /* GridViewEx.swift */ = {isa = PBXFileReference; lastKnownFileType = sourcecode.swift; path = GridViewEx.swift; sourceTree = "<group>"; };
		4A8D485C2BC7CBA200C9871B /* MoveAnimation.swift */ = {isa = PBXFileReference; lastKnownFileType = sourcecode.swift; path = MoveAnimation.swift; sourceTree = "<group>"; };
		4A8D485E2BC7D10900C9871B /* ScaleAnimationEx.swift */ = {isa = PBXFileReference; lastKnownFileType = sourcecode.swift; path = ScaleAnimationEx.swift; sourceTree = "<group>"; };
		4A8D48602BC7D3E900C9871B /* RotationEffectViewEx.swift */ = {isa = PBXFileReference; lastKnownFileType = sourcecode.swift; path = RotationEffectViewEx.swift; sourceTree = "<group>"; };
/* End PBXFileReference section */

/* Begin PBXFrameworksBuildPhase section */
		37CEFBC62BC3711000DB9F65 /* Frameworks */ = {
			isa = PBXFrameworksBuildPhase;
			buildActionMask = 2147483647;
			files = (
			);
			runOnlyForDeploymentPostprocessing = 0;
		};
/* End PBXFrameworksBuildPhase section */

/* Begin PBXGroup section */
		37CEFBC02BC3711000DB9F65 = {
			isa = PBXGroup;
			children = (
				37CEFBCB2BC3711000DB9F65 /* HelloSwiftUI */,
				37CEFBCA2BC3711000DB9F65 /* Products */,
			);
			sourceTree = "<group>";
		};
		37CEFBCA2BC3711000DB9F65 /* Products */ = {
			isa = PBXGroup;
			children = (
				37CEFBC92BC3711000DB9F65 /* HelloSwiftUI.app */,
			);
			name = Products;
			sourceTree = "<group>";
		};
		37CEFBCB2BC3711000DB9F65 /* HelloSwiftUI */ = {
			isa = PBXGroup;
			children = (
				4A8D48522BC77CCC00C9871B /* NavigationLinkEx.swift */,
				4A8D48542BC785F100C9871B /* NavigationStackFileView.swift */,
				37CEFBCC2BC3711000DB9F65 /* HelloSwiftUIApp.swift */,
				4A8D48332BC4E2AD00C9871B /* ToggleView.swift */,
				4A0706032BC3BC66003A8AC1 /* SFsymbolTest.swift */,
				37CEFBCE2BC3711000DB9F65 /* ContentView.swift */,
				4A8D48562BC7865000C9871B /* SeparateFile.swift */,
				4A0705FF2BC3ACFA003A8AC1 /* ZStackView.swift */,
				4A0706012BC3B2D6003A8AC1 /* Text_View.swift */,
				4A8D48272BC3C9B100C9871B /* GeometryImage.swift */,
				4A8D48252BC3C2E400C9871B /* Shape.swift */,
				4A8D48292BC3D77E00C9871B /* CustomButton.swift */,
				4A8D482B2BC3DF3C00C9871B /* SegmentPicker.swift */,
				4A8D482D2BC4C4F900C9871B /* TextFieldView.swift */,
				4A8D482F2BC4D14D00C9871B /* PickerView.swift */,
				4A8D48312BC4D94100C9871B /* DatePickerWithRange.swift */,
				4A8D48352BC4F7DE00C9871B /* UseLink.swift */,
				4A8D48372BC4FE0B00C9871B /* GestureEx.swift */,
				4A8D48392BC5053900C9871B /* MagnificationGestureView.swift */,
				4A8D483B2BC50B9F00C9871B /* RotateGestureView.swift */,
				4A8D483D2BC511CE00C9871B /* AlertWithActionSheet.swift */,
				4A8D483F2BC5194B00C9871B /* ContextMenu.swift */,
				4A8D48412BC5213C00C9871B /* ListEx.swift */,
				4A8D48432BC5253100C9871B /* ArrayIdentifiable.swift */,
				4A8D48452BC529BD00C9871B /* FormEx.swift */,
				4A8D48472BC52F0100C9871B /* FormWithSection.swift */,
				4A8D48492BC7610B00C9871B /* DisclosureGroupView.swift */,
				4A8D484B2BC7669900C9871B /* ExScrollView.swift */,
				4A8D484D2BC76A7E00C9871B /* OutlineGroupView.swift */,
				4A8D484F2BC776C800C9871B /* NavigationStackEx.swift */,
				4A8D48582BC7B63E00C9871B /* TabViewEx.swift */,
				4A8D485A2BC7C64F00C9871B /* GridViewEx.swift */,
				37CEFBD02BC3711100DB9F65 /* Assets.xcassets */,
				37CEFBD22BC3711200DB9F65 /* Preview Content */,
				4A8D485C2BC7CBA200C9871B /* MoveAnimation.swift */,
				4A8D485E2BC7D10900C9871B /* ScaleAnimationEx.swift */,
				4A8D48602BC7D3E900C9871B /* RotationEffectViewEx.swift */,
			);
			path = HelloSwiftUI;
			sourceTree = "<group>";
		};
		37CEFBD22BC3711200DB9F65 /* Preview Content */ = {
			isa = PBXGroup;
			children = (
				37CEFBD32BC3711200DB9F65 /* Preview Assets.xcassets */,
			);
			path = "Preview Content";
			sourceTree = "<group>";
		};
/* End PBXGroup section */

/* Begin PBXNativeTarget section */
		37CEFBC82BC3711000DB9F65 /* HelloSwiftUI */ = {
			isa = PBXNativeTarget;
			buildConfigurationList = 37CEFBD72BC3711200DB9F65 /* Build configuration list for PBXNativeTarget "HelloSwiftUI" */;
			buildPhases = (
				37CEFBC52BC3711000DB9F65 /* Sources */,
				37CEFBC62BC3711000DB9F65 /* Frameworks */,
				37CEFBC72BC3711000DB9F65 /* Resources */,
			);
			buildRules = (
			);
			dependencies = (
			);
			name = HelloSwiftUI;
			productName = HelloSwiftUI;
			productReference = 37CEFBC92BC3711000DB9F65 /* HelloSwiftUI.app */;
			productType = "com.apple.product-type.application";
		};
/* End PBXNativeTarget section */

/* Begin PBXProject section */
		37CEFBC12BC3711000DB9F65 /* Project object */ = {
			isa = PBXProject;
			attributes = {
				BuildIndependentTargetsInParallel = 1;
				LastSwiftUpdateCheck = 1530;
				LastUpgradeCheck = 1530;
				TargetAttributes = {
					37CEFBC82BC3711000DB9F65 = {
						CreatedOnToolsVersion = 15.3;
					};
				};
			};
			buildConfigurationList = 37CEFBC42BC3711000DB9F65 /* Build configuration list for PBXProject "HelloSwiftUI" */;
			compatibilityVersion = "Xcode 14.0";
			developmentRegion = en;
			hasScannedForEncodings = 0;
			knownRegions = (
				en,
				Base,
			);
			mainGroup = 37CEFBC02BC3711000DB9F65;
			productRefGroup = 37CEFBCA2BC3711000DB9F65 /* Products */;
			projectDirPath = "";
			projectRoot = "";
			targets = (
				37CEFBC82BC3711000DB9F65 /* HelloSwiftUI */,
			);
		};
/* End PBXProject section */

/* Begin PBXResourcesBuildPhase section */
		37CEFBC72BC3711000DB9F65 /* Resources */ = {
			isa = PBXResourcesBuildPhase;
			buildActionMask = 2147483647;
			files = (
				37CEFBD42BC3711200DB9F65 /* Preview Assets.xcassets in Resources */,
				37CEFBD12BC3711100DB9F65 /* Assets.xcassets in Resources */,
			);
			runOnlyForDeploymentPostprocessing = 0;
		};
/* End PBXResourcesBuildPhase section */

/* Begin PBXSourcesBuildPhase section */
		37CEFBC52BC3711000DB9F65 /* Sources */ = {
			isa = PBXSourcesBuildPhase;
			buildActionMask = 2147483647;
			files = (
				4A8D483A2BC5053900C9871B /* MagnificationGestureView.swift in Sources */,
				4A0706002BC3ACFA003A8AC1 /* ZStackView.swift in Sources */,
				4A8D48262BC3C2E400C9871B /* Shape.swift in Sources */,
				4A8D482C2BC3DF3D00C9871B /* SegmentPicker.swift in Sources */,
				4A8D48572BC7865000C9871B /* SeparateFile.swift in Sources */,
				4A8D48362BC4F7DE00C9871B /* UseLink.swift in Sources */,
				4A8D48592BC7B63E00C9871B /* TabViewEx.swift in Sources */,
				4A8D483E2BC511CE00C9871B /* AlertWithActionSheet.swift in Sources */,
				4A8D48442BC5253100C9871B /* ArrayIdentifiable.swift in Sources */,
				4A8D485B2BC7C64F00C9871B /* GridViewEx.swift in Sources */,
				4A0706022BC3B2D6003A8AC1 /* Text_View.swift in Sources */,
				4A0706042BC3BC67003A8AC1 /* SFsymbolTest.swift in Sources */,
				4A8D48402BC5194B00C9871B /* ContextMenu.swift in Sources */,
				4A8D48322BC4D94100C9871B /* DatePickerWithRange.swift in Sources */,
				4A8D48302BC4D14D00C9871B /* PickerView.swift in Sources */,
				4A8D482A2BC3D77E00C9871B /* CustomButton.swift in Sources */,
				4A8D48382BC4FE0B00C9871B /* GestureEx.swift in Sources */,
				4A8D483C2BC50B9F00C9871B /* RotateGestureView.swift in Sources */,
				4A8D484E2BC76A7E00C9871B /* OutlineGroupView.swift in Sources */,
				4A8D482E2BC4C4F900C9871B /* TextFieldView.swift in Sources */,
				37CEFBCF2BC3711000DB9F65 /* ContentView.swift in Sources */,
				4A8D484A2BC7610B00C9871B /* DisclosureGroupView.swift in Sources */,
				4A8D48552BC785F100C9871B /* NavigationStackFileView.swift in Sources */,
				4A8D48422BC5213C00C9871B /* ListEx.swift in Sources */,
				4A8D48462BC529BD00C9871B /* FormEx.swift in Sources */,
				4A8D48482BC52F0100C9871B /* FormWithSection.swift in Sources */,
				4A8D48282BC3C9B100C9871B /* GeometryImage.swift in Sources */,
				4A8D485D2BC7CBA200C9871B /* MoveAnimation.swift in Sources */,
				4A8D485F2BC7D10900C9871B /* ScaleAnimationEx.swift in Sources */,
				37CEFBCD2BC3711000DB9F65 /* HelloSwiftUIApp.swift in Sources */,
				4A8D48612BC7D3E900C9871B /* RotationEffectViewEx.swift in Sources */,
				4A8D48532BC77CCC00C9871B /* NavigationLinkEx.swift in Sources */,
				4A8D484C2BC7669900C9871B /* ExScrollView.swift in Sources */,
				4A8D48342BC4E2AD00C9871B /* ToggleView.swift in Sources */,
				4A8D48502BC776C800C9871B /* NavigationStackEx.swift in Sources */,
			);
			runOnlyForDeploymentPostprocessing = 0;
		};
/* End PBXSourcesBuildPhase section */

/* Begin XCBuildConfiguration section */
		37CEFBD52BC3711200DB9F65 /* Debug */ = {
			isa = XCBuildConfiguration;
			buildSettings = {
				ALWAYS_SEARCH_USER_PATHS = NO;
				ASSETCATALOG_COMPILER_GENERATE_SWIFT_ASSET_SYMBOL_EXTENSIONS = YES;
				CLANG_ANALYZER_NONNULL = YES;
				CLANG_ANALYZER_NUMBER_OBJECT_CONVERSION = YES_AGGRESSIVE;
				CLANG_CXX_LANGUAGE_STANDARD = "gnu++20";
				CLANG_ENABLE_MODULES = YES;
				CLANG_ENABLE_OBJC_ARC = YES;
				CLANG_ENABLE_OBJC_WEAK = YES;
				CLANG_WARN_BLOCK_CAPTURE_AUTORELEASING = YES;
				CLANG_WARN_BOOL_CONVERSION = YES;
				CLANG_WARN_COMMA = YES;
				CLANG_WARN_CONSTANT_CONVERSION = YES;
				CLANG_WARN_DEPRECATED_OBJC_IMPLEMENTATIONS = YES;
				CLANG_WARN_DIRECT_OBJC_ISA_USAGE = YES_ERROR;
				CLANG_WARN_DOCUMENTATION_COMMENTS = YES;
				CLANG_WARN_EMPTY_BODY = YES;
				CLANG_WARN_ENUM_CONVERSION = YES;
				CLANG_WARN_INFINITE_RECURSION = YES;
				CLANG_WARN_INT_CONVERSION = YES;
				CLANG_WARN_NON_LITERAL_NULL_CONVERSION = YES;
				CLANG_WARN_OBJC_IMPLICIT_RETAIN_SELF = YES;
				CLANG_WARN_OBJC_LITERAL_CONVERSION = YES;
				CLANG_WARN_OBJC_ROOT_CLASS = YES_ERROR;
				CLANG_WARN_QUOTED_INCLUDE_IN_FRAMEWORK_HEADER = YES;
				CLANG_WARN_RANGE_LOOP_ANALYSIS = YES;
				CLANG_WARN_STRICT_PROTOTYPES = YES;
				CLANG_WARN_SUSPICIOUS_MOVE = YES;
				CLANG_WARN_UNGUARDED_AVAILABILITY = YES_AGGRESSIVE;
				CLANG_WARN_UNREACHABLE_CODE = YES;
				CLANG_WARN__DUPLICATE_METHOD_MATCH = YES;
				COPY_PHASE_STRIP = NO;
				DEBUG_INFORMATION_FORMAT = dwarf;
				ENABLE_STRICT_OBJC_MSGSEND = YES;
				ENABLE_TESTABILITY = YES;
				ENABLE_USER_SCRIPT_SANDBOXING = YES;
				GCC_C_LANGUAGE_STANDARD = gnu17;
				GCC_DYNAMIC_NO_PIC = NO;
				GCC_NO_COMMON_BLOCKS = YES;
				GCC_OPTIMIZATION_LEVEL = 0;
				GCC_PREPROCESSOR_DEFINITIONS = (
					"DEBUG=1",
					"$(inherited)",
				);
				GCC_WARN_64_TO_32_BIT_CONVERSION = YES;
				GCC_WARN_ABOUT_RETURN_TYPE = YES_ERROR;
				GCC_WARN_UNDECLARED_SELECTOR = YES;
				GCC_WARN_UNINITIALIZED_AUTOS = YES_AGGRESSIVE;
				GCC_WARN_UNUSED_FUNCTION = YES;
				GCC_WARN_UNUSED_VARIABLE = YES;
				IPHONEOS_DEPLOYMENT_TARGET = 17.4;
				LOCALIZATION_PREFERS_STRING_CATALOGS = YES;
				MTL_ENABLE_DEBUG_INFO = INCLUDE_SOURCE;
				MTL_FAST_MATH = YES;
				ONLY_ACTIVE_ARCH = YES;
				SDKROOT = iphoneos;
				SWIFT_ACTIVE_COMPILATION_CONDITIONS = "DEBUG $(inherited)";
				SWIFT_OPTIMIZATION_LEVEL = "-Onone";
			};
			name = Debug;
		};
		37CEFBD62BC3711200DB9F65 /* Release */ = {
			isa = XCBuildConfiguration;
			buildSettings = {
				ALWAYS_SEARCH_USER_PATHS = NO;
				ASSETCATALOG_COMPILER_GENERATE_SWIFT_ASSET_SYMBOL_EXTENSIONS = YES;
				CLANG_ANALYZER_NONNULL = YES;
				CLANG_ANALYZER_NUMBER_OBJECT_CONVERSION = YES_AGGRESSIVE;
				CLANG_CXX_LANGUAGE_STANDARD = "gnu++20";
				CLANG_ENABLE_MODULES = YES;
				CLANG_ENABLE_OBJC_ARC = YES;
				CLANG_ENABLE_OBJC_WEAK = YES;
				CLANG_WARN_BLOCK_CAPTURE_AUTORELEASING = YES;
				CLANG_WARN_BOOL_CONVERSION = YES;
				CLANG_WARN_COMMA = YES;
				CLANG_WARN_CONSTANT_CONVERSION = YES;
				CLANG_WARN_DEPRECATED_OBJC_IMPLEMENTATIONS = YES;
				CLANG_WARN_DIRECT_OBJC_ISA_USAGE = YES_ERROR;
				CLANG_WARN_DOCUMENTATION_COMMENTS = YES;
				CLANG_WARN_EMPTY_BODY = YES;
				CLANG_WARN_ENUM_CONVERSION = YES;
				CLANG_WARN_INFINITE_RECURSION = YES;
				CLANG_WARN_INT_CONVERSION = YES;
				CLANG_WARN_NON_LITERAL_NULL_CONVERSION = YES;
				CLANG_WARN_OBJC_IMPLICIT_RETAIN_SELF = YES;
				CLANG_WARN_OBJC_LITERAL_CONVERSION = YES;
				CLANG_WARN_OBJC_ROOT_CLASS = YES_ERROR;
				CLANG_WARN_QUOTED_INCLUDE_IN_FRAMEWORK_HEADER = YES;
				CLANG_WARN_RANGE_LOOP_ANALYSIS = YES;
				CLANG_WARN_STRICT_PROTOTYPES = YES;
				CLANG_WARN_SUSPICIOUS_MOVE = YES;
				CLANG_WARN_UNGUARDED_AVAILABILITY = YES_AGGRESSIVE;
				CLANG_WARN_UNREACHABLE_CODE = YES;
				CLANG_WARN__DUPLICATE_METHOD_MATCH = YES;
				COPY_PHASE_STRIP = NO;
				DEBUG_INFORMATION_FORMAT = "dwarf-with-dsym";
				ENABLE_NS_ASSERTIONS = NO;
				ENABLE_STRICT_OBJC_MSGSEND = YES;
				ENABLE_USER_SCRIPT_SANDBOXING = YES;
				GCC_C_LANGUAGE_STANDARD = gnu17;
				GCC_NO_COMMON_BLOCKS = YES;
				GCC_WARN_64_TO_32_BIT_CONVERSION = YES;
				GCC_WARN_ABOUT_RETURN_TYPE = YES_ERROR;
				GCC_WARN_UNDECLARED_SELECTOR = YES;
				GCC_WARN_UNINITIALIZED_AUTOS = YES_AGGRESSIVE;
				GCC_WARN_UNUSED_FUNCTION = YES;
				GCC_WARN_UNUSED_VARIABLE = YES;
				IPHONEOS_DEPLOYMENT_TARGET = 17.4;
				LOCALIZATION_PREFERS_STRING_CATALOGS = YES;
				MTL_ENABLE_DEBUG_INFO = NO;
				MTL_FAST_MATH = YES;
				SDKROOT = iphoneos;
				SWIFT_COMPILATION_MODE = wholemodule;
				VALIDATE_PRODUCT = YES;
			};
			name = Release;
		};
		37CEFBD82BC3711200DB9F65 /* Debug */ = {
			isa = XCBuildConfiguration;
			buildSettings = {
				ASSETCATALOG_COMPILER_APPICON_NAME = AppIcon;
				ASSETCATALOG_COMPILER_GLOBAL_ACCENT_COLOR_NAME = AccentColor;
				CODE_SIGN_STYLE = Automatic;
				CURRENT_PROJECT_VERSION = 1;
				DEVELOPMENT_ASSET_PATHS = "\"HelloSwiftUI/Preview Content\"";
				ENABLE_PREVIEWS = YES;
				GENERATE_INFOPLIST_FILE = YES;
				INFOPLIST_KEY_UIApplicationSceneManifest_Generation = YES;
				INFOPLIST_KEY_UIApplicationSupportsIndirectInputEvents = YES;
				INFOPLIST_KEY_UILaunchScreen_Generation = YES;
				INFOPLIST_KEY_UISupportedInterfaceOrientations_iPad = "UIInterfaceOrientationPortrait UIInterfaceOrientationPortraitUpsideDown UIInterfaceOrientationLandscapeLeft UIInterfaceOrientationLandscapeRight";
				INFOPLIST_KEY_UISupportedInterfaceOrientations_iPhone = "UIInterfaceOrientationPortrait UIInterfaceOrientationLandscapeLeft UIInterfaceOrientationLandscapeRight";
				IPHONEOS_DEPLOYMENT_TARGET = 17.4;
				LD_RUNPATH_SEARCH_PATHS = (
					"$(inherited)",
					"@executable_path/Frameworks",
				);
				MARKETING_VERSION = 1.0;
				PRODUCT_BUNDLE_IDENTIFIER = kr.co.codegrove.HelloSwiftUI;
				PRODUCT_NAME = "$(TARGET_NAME)";
				SWIFT_EMIT_LOC_STRINGS = YES;
				SWIFT_VERSION = 5.0;
				TARGETED_DEVICE_FAMILY = "1,2";
			};
			name = Debug;
		};
		37CEFBD92BC3711200DB9F65 /* Release */ = {
			isa = XCBuildConfiguration;
			buildSettings = {
				ASSETCATALOG_COMPILER_APPICON_NAME = AppIcon;
				ASSETCATALOG_COMPILER_GLOBAL_ACCENT_COLOR_NAME = AccentColor;
				CODE_SIGN_STYLE = Automatic;
				CURRENT_PROJECT_VERSION = 1;
				DEVELOPMENT_ASSET_PATHS = "\"HelloSwiftUI/Preview Content\"";
				ENABLE_PREVIEWS = YES;
				GENERATE_INFOPLIST_FILE = YES;
				INFOPLIST_KEY_UIApplicationSceneManifest_Generation = YES;
				INFOPLIST_KEY_UIApplicationSupportsIndirectInputEvents = YES;
				INFOPLIST_KEY_UILaunchScreen_Generation = YES;
				INFOPLIST_KEY_UISupportedInterfaceOrientations_iPad = "UIInterfaceOrientationPortrait UIInterfaceOrientationPortraitUpsideDown UIInterfaceOrientationLandscapeLeft UIInterfaceOrientationLandscapeRight";
				INFOPLIST_KEY_UISupportedInterfaceOrientations_iPhone = "UIInterfaceOrientationPortrait UIInterfaceOrientationLandscapeLeft UIInterfaceOrientationLandscapeRight";
				IPHONEOS_DEPLOYMENT_TARGET = 17.4;
				LD_RUNPATH_SEARCH_PATHS = (
					"$(inherited)",
					"@executable_path/Frameworks",
				);
				MARKETING_VERSION = 1.0;
				PRODUCT_BUNDLE_IDENTIFIER = kr.co.codegrove.HelloSwiftUI;
				PRODUCT_NAME = "$(TARGET_NAME)";
				SWIFT_EMIT_LOC_STRINGS = YES;
				SWIFT_VERSION = 5.0;
				TARGETED_DEVICE_FAMILY = "1,2";
			};
			name = Release;
		};
/* End XCBuildConfiguration section */

/* Begin XCConfigurationList section */
		37CEFBC42BC3711000DB9F65 /* Build configuration list for PBXProject "HelloSwiftUI" */ = {
			isa = XCConfigurationList;
			buildConfigurations = (
				37CEFBD52BC3711200DB9F65 /* Debug */,
				37CEFBD62BC3711200DB9F65 /* Release */,
			);
			defaultConfigurationIsVisible = 0;
			defaultConfigurationName = Release;
		};
		37CEFBD72BC3711200DB9F65 /* Build configuration list for PBXNativeTarget "HelloSwiftUI" */ = {
			isa = XCConfigurationList;
			buildConfigurations = (
				37CEFBD82BC3711200DB9F65 /* Debug */,
				37CEFBD92BC3711200DB9F65 /* Release */,
			);
			defaultConfigurationIsVisible = 0;
			defaultConfigurationName = Release;
		};
/* End XCConfigurationList section */
	};
	rootObject = 37CEFBC12BC3711000DB9F65 /* Project object */;
}
